
Microsoft Visual Studio Solution File, Format Version 12.00
# Visual Studio Version 17
VisualStudioVersion = 17.12.35707.178
MinimumVisualStudioVersion = 10.0.40219.1
Project("{FAE04EC0-301F-11D3-BF4B-00C04F79EFBC}") = "OzayPlise", "OzayPlise\OzayPlise.csproj", "{CE32491B-E32D-49EF-8E10-6DF5E0AED4B5}"
EndProject
Project("{FAE04EC0-301F-11D3-BF4B-00C04F79EFBC}") = "Keygen", "Keygen\Keygen.csproj", "{7619D535-E225-445F-9E07-19535BCE7222}"
EndProject
Global
	GlobalSection(SolutionConfigurationPlatforms) = preSolution
		Debug|Any CPU = Debug|Any CPU
		Release|Any CPU = Release|Any CPU
	EndGlobalSection
	GlobalSection(ProjectConfigurationPlatforms) = postSolution
		{CE32491B-E32D-49EF-8E10-6DF5E0AED4B5}.Debug|Any CPU.ActiveCfg = Debug|Any CPU
		{CE32491B-E32D-49EF-8E10-6DF5E0AED4B5}.Debug|Any CPU.Build.0 = Debug|Any CPU
		{CE32491B-E32D-49EF-8E10-6DF5E0AED4B5}.Release|Any CPU.ActiveCfg = Release|Any CPU
		{CE32491B-E32D-49EF-8E10-6DF5E0AED4B5}.Release|Any CPU.Build.0 = Release|Any CPU
		{7619D535-E225-445F-9E07-19535BCE7222}.Debug|Any CPU.ActiveCfg = Debug|Any CPU
		{7619D535-E225-445F-9E07-19535BCE7222}.Debug|Any CPU.Build.0 = Debug|Any CPU
		{7619D535-E225-445F-9E07-19535BCE7222}.Release|Any CPU.ActiveCfg = Release|Any CPU
		{7619D535-E225-445F-9E07-19535BCE7222}.Release|Any CPU.Build.0 = Release|Any CPU
	EndGlobalSection
	GlobalSection(SolutionProperties) = preSolution
		HideSolutionNode = FALSE
	EndGlobalSection
EndGlobal
